{
    "_meta": {
        "hash": {
            "sha256": "ab7becdce03e844f0fc5923ad0b277929fd6cbf1ef1604fc78496e9c9640f155"
        },
        "pipfile-spec": 6,
        "requires": {
            "python_version": "3.10"
        },
        "sources": [
            {
                "name": "pypi",
                "url": "https://pypi.org/simple",
                "verify_ssl": true
            }
        ]
    },
    "default": {
        "asgiref": {
            "hashes": [
                "sha256:2f8abc20f7248433085eda803936d98992f1343ddb022065779f37c5da0181d0",
                "sha256:88d59c13d634dcffe0510be048210188edd79aeccb6a6c9028cdad6f31d730a9"
            ],
            "markers": "python_version >= '3.7'",
            "version": "==3.5.0"
        },
        "confusable-homoglyphs": {
            "hashes": [
                "sha256:3b4a0d9fa510669498820c91a0bfc0c327568cecec90648cf3819d4a6fc6a751",
                "sha256:e3ce611028d882b74a5faa69e3cbb5bd4dcd9f69936da6e73d33eda42c917944"
            ],
            "version": "==3.2.0"
        },
        "django": {
            "hashes": [
                "sha256:1239218849e922033a35d2a2f777cb8bee18bd725416744074f455f34ff50d0c",
                "sha256:77ff2e7050e3324c9b67e29b6707754566f58514112a9ac73310f60cd5261930"
            ],
            "index": "pypi",
            "version": "==4.0.3"
        },
        "django-registration": {
            "hashes": [
                "sha256:2ea8c7d89a8760ccde41dfd335aa28ba89073d09aab5a0f5f3d7c8c148fcc518",
                "sha256:e79fdbfa22bfaf4182efccb6604391391a7de19438d2669c5b9520a7708efbd2"
            ],
            "index": "pypi",
            "version": "==3.2"
        },
        "docutils": {
            "hashes": [
                "sha256:23010f129180089fbcd3bc08cfefccb3b890b0050e1ca00c867036e9d161b98c",
                "sha256:679987caf361a7539d76e584cbeddc311e3aee937877c87346f31debc63e9d06"
            ],
            "index": "pypi",
            "version": "==0.18.1"
        },
        "sqlparse": {
            "hashes": [
                "sha256:0c00730c74263a94e5a9919ade150dfc3b19c574389985446148402998287dae",
                "sha256:48719e356bb8b42991bdbb1e8b83223757b93789c00910a616a071910ca4a64d"
            ],
            "markers": "python_version >= '3.5'",
            "version": "==0.4.2"
        },
        "tzdata": {
            "hashes": [
                "sha256:3eee491e22ebfe1e5cfcc97a4137cd70f092ce59144d81f8924a844de05ba8f5",
                "sha256:68dbe41afd01b867894bbdfd54fa03f468cfa4f0086bfb4adcd8de8f24f3ee21"
            ],
            "markers": "sys_platform == 'win32'",
            "version": "==2021.5"
        }
    },
    "develop": {}
}
